{
  "originHash" : "eb3bab6a82d82c145dea54cd5aee677ed0fce9876a809d8f097508032ce1ac9a",
  "pins" : [
    {
      "identity" : "cmudict",
      "kind" : "remoteSourceControl",
      "location" : "https://github.com/harlanhaskins/CMUDict.git",
      "state" : {
        "revision" : "f887978abdfbc17684acb3e5b67d3245eb896fd3",
        "version" : "0.0.1"
      }
    }
  ],
  "version" : 3
}
